# This file is generated by running "yarn install" inside your project.
# Manual changes might be lost - proceed with caution!

__metadata:
  version: 8
  cacheKey: 10c0

"@oomia/upside-cookie-land@workspace:.":
  version: 0.0.0-use.local
  resolution: "@oomia/upside-cookie-land@workspace:."
  dependencies:
    prettier: "npm:^3.3.3"
    prettier-plugin-solidity: "npm:^1.4.1"
  languageName: unknown
  linkType: soft

"@solidity-parser/parser@npm:^0.18.0":
  version: 0.18.0
  resolution: "@solidity-parser/parser@npm:0.18.0"
  checksum: 10c0/c54b4c9ba10e1fd1cd45894040135a39b9bc527f0ac40bec732d8628b0c0c7cb7ec2b7e816b408d613ab1d71c04f9555111ccc83b6dbaed2e39ff4ef7d000e25
  languageName: node
  linkType: hard

"prettier-plugin-solidity@npm:^1.4.1":
  version: 1.4.1
  resolution: "prettier-plugin-solidity@npm:1.4.1"
  dependencies:
    "@solidity-parser/parser": "npm:^0.18.0"
    semver: "npm:^7.5.4"
  peerDependencies:
    prettier: ">=2.3.0"
  checksum: 10c0/5ea7631fe01002319b87bf493e96b7b1cdc442fe4faebf227a4d5accb953140af6b3f63a330de53b1139b56e0ff8de6f055b84c902b75ba331824302d604418d
  languageName: node
  linkType: hard

"prettier@npm:^3.3.3":
  version: 3.3.3
  resolution: "prettier@npm:3.3.3"
  bin:
    prettier: bin/prettier.cjs
  checksum: 10c0/b85828b08e7505716324e4245549b9205c0cacb25342a030ba8885aba2039a115dbcf75a0b7ca3b37bc9d101ee61fab8113fc69ca3359f2a226f1ecc07ad2e26
  languageName: node
  linkType: hard

"semver@npm:^7.5.4":
  version: 7.6.3
  resolution: "semver@npm:7.6.3"
  bin:
    semver: bin/semver.js
  checksum: 10c0/88f33e148b210c153873cb08cfe1e281d518aaa9a666d4d148add6560db5cd3c582f3a08ccb91f38d5f379ead256da9931234ed122057f40bb5766e65e58adaf
  languageName: node
  linkType: hard
